// !$*UTF8*$!
{
	archiveVersion = 1;
	classes = {
	};
	objectVersion = 46;
	objects = {

/* Begin PBXBuildFile section */
		3750874418838D16009478D1 /* DKProgressViewController.m in Sources */ = {isa = PBXBuildFile; fileRef = 3750874318838D16009478D1 /* DKProgressViewController.m */; };
		375128951883317E001934A4 /* AFHTTPRequestOperation.m in Sources */ = {isa = PBXBuildFile; fileRef = 375128831883317E001934A4 /* AFHTTPRequestOperation.m */; };
		375128961883317E001934A4 /* AFHTTPRequestOperationManager.m in Sources */ = {isa = PBXBuildFile; fileRef = 375128851883317E001934A4 /* AFHTTPRequestOperationManager.m */; };
		375128971883317E001934A4 /* AFHTTPSessionManager.m in Sources */ = {isa = PBXBuildFile; fileRef = 375128871883317E001934A4 /* AFHTTPSessionManager.m */; };
		375128981883317E001934A4 /* AFNetworkReachabilityManager.m in Sources */ = {isa = PBXBuildFile; fileRef = 3751288A1883317E001934A4 /* AFNetworkReachabilityManager.m */; };
		375128991883317E001934A4 /* AFSecurityPolicy.m in Sources */ = {isa = PBXBuildFile; fileRef = 3751288C1883317E001934A4 /* AFSecurityPolicy.m */; };
		3751289A1883317E001934A4 /* AFURLConnectionOperation.m in Sources */ = {isa = PBXBuildFile; fileRef = 3751288E1883317E001934A4 /* AFURLConnectionOperation.m */; };
		3751289B1883317E001934A4 /* AFURLRequestSerialization.m in Sources */ = {isa = PBXBuildFile; fileRef = 375128901883317E001934A4 /* AFURLRequestSerialization.m */; };
		3751289C1883317E001934A4 /* AFURLResponseSerialization.m in Sources */ = {isa = PBXBuildFile; fileRef = 375128921883317E001934A4 /* AFURLResponseSerialization.m */; };
		3751289D1883317E001934A4 /* AFURLSessionManager.m in Sources */ = {isa = PBXBuildFile; fileRef = 375128941883317E001934A4 /* AFURLSessionManager.m */; };
		375128AE188333CF001934A4 /* AFNetworkActivityIndicatorManager.m in Sources */ = {isa = PBXBuildFile; fileRef = 375128A0188333CF001934A4 /* AFNetworkActivityIndicatorManager.m */; };
		375128AF188333CF001934A4 /* UIActivityIndicatorView+AFNetworking.m in Sources */ = {isa = PBXBuildFile; fileRef = 375128A2188333CF001934A4 /* UIActivityIndicatorView+AFNetworking.m */; };
		375128B0188333CF001934A4 /* UIAlertView+AFNetworking.m in Sources */ = {isa = PBXBuildFile; fileRef = 375128A4188333CF001934A4 /* UIAlertView+AFNetworking.m */; };
		375128B1188333CF001934A4 /* UIButton+AFNetworking.m in Sources */ = {isa = PBXBuildFile; fileRef = 375128A6188333CF001934A4 /* UIButton+AFNetworking.m */; };
		375128B2188333CF001934A4 /* UIImageView+AFNetworking.m in Sources */ = {isa = PBXBuildFile; fileRef = 375128A8188333CF001934A4 /* UIImageView+AFNetworking.m */; };
		375128B3188333CF001934A4 /* UIProgressView+AFNetworking.m in Sources */ = {isa = PBXBuildFile; fileRef = 375128AB188333CF001934A4 /* UIProgressView+AFNetworking.m */; };
		375128B4188333CF001934A4 /* UIWebView+AFNetworking.m in Sources */ = {isa = PBXBuildFile; fileRef = 375128AD188333CF001934A4 /* UIWebView+AFNetworking.m */; };
		375128B718833554001934A4 /* DKFriendViewCell.m in Sources */ = {isa = PBXBuildFile; fileRef = 375128B618833554001934A4 /* DKFriendViewCell.m */; };
		375128BA18833606001934A4 /* DKFBFriend.m in Sources */ = {isa = PBXBuildFile; fileRef = 375128B918833606001934A4 /* DKFBFriend.m */; };
		375128BD18837191001934A4 /* PAPImageView.m in Sources */ = {isa = PBXBuildFile; fileRef = 375128BC18837191001934A4 /* PAPImageView.m */; };
		377C17C71880828500DEEE72 /* DKLogInViewController.m in Sources */ = {isa = PBXBuildFile; fileRef = 377C17C61880828500DEEE72 /* DKLogInViewController.m */; };
		377C17D71880830700DEEE72 /* MBProgressHUD.m in Sources */ = {isa = PBXBuildFile; fileRef = 377C17CD1880830700DEEE72 /* MBProgressHUD.m */; };
		377C17D91880830700DEEE72 /* Reachability.m in Sources */ = {isa = PBXBuildFile; fileRef = 377C17D11880830700DEEE72 /* Reachability.m */; settings = {COMPILER_FLAGS = "-fno-objc-arc"; }; };
		377C17DC188085F800DEEE72 /* MobileCoreServices.framework in Frameworks */ = {isa = PBXBuildFile; fileRef = 377C17DB188085F800DEEE72 /* MobileCoreServices.framework */; };
		377C17DE1880864100DEEE72 /* CFNetwork.framework in Frameworks */ = {isa = PBXBuildFile; fileRef = 377C17DD1880864100DEEE72 /* CFNetwork.framework */; };
		377C17E01880864A00DEEE72 /* SystemConfiguration.framework in Frameworks */ = {isa = PBXBuildFile; fileRef = 377C17DF1880864A00DEEE72 /* SystemConfiguration.framework */; };
		377C17E21880865200DEEE72 /* AudioToolbox.framework in Frameworks */ = {isa = PBXBuildFile; fileRef = 377C17E11880865200DEEE72 /* AudioToolbox.framework */; };
		377C17E41880865B00DEEE72 /* Security.framework in Frameworks */ = {isa = PBXBuildFile; fileRef = 377C17E31880865B00DEEE72 /* Security.framework */; };
		377C17E61880866400DEEE72 /* QuartzCore.framework in Frameworks */ = {isa = PBXBuildFile; fileRef = 377C17E51880866400DEEE72 /* QuartzCore.framework */; };
		377C17E81880866B00DEEE72 /* AVFoundation.framework in Frameworks */ = {isa = PBXBuildFile; fileRef = 377C17E71880866B00DEEE72 /* AVFoundation.framework */; };
		377C17EA1880867200DEEE72 /* ImageIO.framework in Frameworks */ = {isa = PBXBuildFile; fileRef = 377C17E91880867200DEEE72 /* ImageIO.framework */; };
		377C17EC1880867C00DEEE72 /* CoreLocation.framework in Frameworks */ = {isa = PBXBuildFile; fileRef = 377C17EB1880867C00DEEE72 /* CoreLocation.framework */; };
		377C17EE1880869100DEEE72 /* AddressBook.framework in Frameworks */ = {isa = PBXBuildFile; fileRef = 377C17ED1880869100DEEE72 /* AddressBook.framework */; };
		377C17F01880869B00DEEE72 /* AddressBookUI.framework in Frameworks */ = {isa = PBXBuildFile; fileRef = 377C17EF1880869B00DEEE72 /* AddressBookUI.framework */; };
		377C17F2188086A700DEEE72 /* MessageUI.framework in Frameworks */ = {isa = PBXBuildFile; fileRef = 377C17F1188086A700DEEE72 /* MessageUI.framework */; };
		377C17F4188086B500DEEE72 /* Accounts.framework in Frameworks */ = {isa = PBXBuildFile; fileRef = 377C17F3188086B500DEEE72 /* Accounts.framework */; };
		377C17F6188086B900DEEE72 /* Social.framework in Frameworks */ = {isa = PBXBuildFile; fileRef = 377C17F5188086B900DEEE72 /* Social.framework */; };
		377C17F9188091AA00DEEE72 /* DKWelcomeViewController.m in Sources */ = {isa = PBXBuildFile; fileRef = 377C17F8188091AA00DEEE72 /* DKWelcomeViewController.m */; };
		377C17FC188096F200DEEE72 /* libsqlite3.dylib in Frameworks */ = {isa = PBXBuildFile; fileRef = 377C17FA188096F200DEEE72 /* libsqlite3.dylib */; };
		377C17FD188096F200DEEE72 /* libz.1.1.3.dylib in Frameworks */ = {isa = PBXBuildFile; fileRef = 377C17FB188096F200DEEE72 /* libz.1.1.3.dylib */; };
		377C17FF1880987F00DEEE72 /* AdSupport.framework in Frameworks */ = {isa = PBXBuildFile; fileRef = 377C17FE1880987F00DEEE72 /* AdSupport.framework */; };
		377C18021881A0FE00DEEE72 /* DKConstants.m in Sources */ = {isa = PBXBuildFile; fileRef = 377C18011881A0FE00DEEE72 /* DKConstants.m */; };
		377C18071881D30300DEEE72 /* PAPUtility.m in Sources */ = {isa = PBXBuildFile; fileRef = 377C18041881D30300DEEE72 /* PAPUtility.m */; };
		377C18081881D30300DEEE72 /* PAPCache.m in Sources */ = {isa = PBXBuildFile; fileRef = 377C18061881D30300DEEE72 /* PAPCache.m */; };
		377C18111881D3A000DEEE72 /* UIImage+Alpha.m in Sources */ = {isa = PBXBuildFile; fileRef = 377C180A1881D3A000DEEE72 /* UIImage+Alpha.m */; };
		377C18121881D3A000DEEE72 /* UIImage+AlphaAdditions.m in Sources */ = {isa = PBXBuildFile; fileRef = 377C180C1881D3A000DEEE72 /* UIImage+AlphaAdditions.m */; };
		377C18131881D3A000DEEE72 /* UIImage+ResizeAdditions.m in Sources */ = {isa = PBXBuildFile; fileRef = 377C180E1881D3A000DEEE72 /* UIImage+ResizeAdditions.m */; };
		377C18141881D3A000DEEE72 /* UIImage+RoundedCornerAdditions.m in Sources */ = {isa = PBXBuildFile; fileRef = 377C18101881D3A000DEEE72 /* UIImage+RoundedCornerAdditions.m */; };
		377C18201881F52D00DEEE72 /* MMDrawerBarButtonItem.m in Sources */ = {isa = PBXBuildFile; fileRef = 377C18181881F52D00DEEE72 /* MMDrawerBarButtonItem.m */; };
		377C18211881F52D00DEEE72 /* MMDrawerController.m in Sources */ = {isa = PBXBuildFile; fileRef = 377C181B1881F52D00DEEE72 /* MMDrawerController.m */; };
		377C18221881F52D00DEEE72 /* MMDrawerVisualState.m in Sources */ = {isa = PBXBuildFile; fileRef = 377C181D1881F52D00DEEE72 /* MMDrawerVisualState.m */; };
		377C18231881F52D00DEEE72 /* UIViewController+MMDrawerController.m in Sources */ = {isa = PBXBuildFile; fileRef = 377C181F1881F52D00DEEE72 /* UIViewController+MMDrawerController.m */; };
		377C18251882DD1A00DEEE72 /* usersFonts.ttf in Resources */ = {isa = PBXBuildFile; fileRef = 377C18241882DD1A00DEEE72 /* usersFonts.ttf */; };
		377C1828188312FB00DEEE72 /* DKNameViewController.m in Sources */ = {isa = PBXBuildFile; fileRef = 377C1827188312FB00DEEE72 /* DKNameViewController.m */; };
		377C182B1883132900DEEE72 /* DKFriendsViewController.m in Sources */ = {isa = PBXBuildFile; fileRef = 377C182A1883132900DEEE72 /* DKFriendsViewController.m */; };
		377C182E1883165E00DEEE72 /* DKtmpViewController.m in Sources */ = {isa = PBXBuildFile; fileRef = 377C182D1883165E00DEEE72 /* DKtmpViewController.m */; };
		37DE8B8A187F1FCB003E8B70 /* Foundation.framework in Frameworks */ = {isa = PBXBuildFile; fileRef = 37DE8B89187F1FCB003E8B70 /* Foundation.framework */; };
		37DE8B8C187F1FCB003E8B70 /* CoreGraphics.framework in Frameworks */ = {isa = PBXBuildFile; fileRef = 37DE8B8B187F1FCB003E8B70 /* CoreGraphics.framework */; };
		37DE8B8E187F1FCB003E8B70 /* UIKit.framework in Frameworks */ = {isa = PBXBuildFile; fileRef = 37DE8B8D187F1FCB003E8B70 /* UIKit.framework */; };
		37DE8B94187F1FCB003E8B70 /* InfoPlist.strings in Resources */ = {isa = PBXBuildFile; fileRef = 37DE8B92187F1FCB003E8B70 /* InfoPlist.strings */; };
		37DE8B96187F1FCB003E8B70 /* main.m in Sources */ = {isa = PBXBuildFile; fileRef = 37DE8B95187F1FCB003E8B70 /* main.m */; };
		37DE8B9A187F1FCB003E8B70 /* DKAppDelegate.m in Sources */ = {isa = PBXBuildFile; fileRef = 37DE8B99187F1FCB003E8B70 /* DKAppDelegate.m */; };
		37DE8B9D187F1FCB003E8B70 /* Main_iPhone.storyboard in Resources */ = {isa = PBXBuildFile; fileRef = 37DE8B9B187F1FCB003E8B70 /* Main_iPhone.storyboard */; };
		37DE8BA0187F1FCB003E8B70 /* Main_iPad.storyboard in Resources */ = {isa = PBXBuildFile; fileRef = 37DE8B9E187F1FCB003E8B70 /* Main_iPad.storyboard */; };
		37DE8BA8187F1FCB003E8B70 /* Images.xcassets in Resources */ = {isa = PBXBuildFile; fileRef = 37DE8BA7187F1FCB003E8B70 /* Images.xcassets */; };
		37DE8BAF187F1FCB003E8B70 /* XCTest.framework in Frameworks */ = {isa = PBXBuildFile; fileRef = 37DE8BAE187F1FCB003E8B70 /* XCTest.framework */; };
		37DE8BB0187F1FCB003E8B70 /* Foundation.framework in Frameworks */ = {isa = PBXBuildFile; fileRef = 37DE8B89187F1FCB003E8B70 /* Foundation.framework */; };
		37DE8BB1187F1FCB003E8B70 /* UIKit.framework in Frameworks */ = {isa = PBXBuildFile; fileRef = 37DE8B8D187F1FCB003E8B70 /* UIKit.framework */; };
		37DE8BB9187F1FCB003E8B70 /* InfoPlist.strings in Resources */ = {isa = PBXBuildFile; fileRef = 37DE8BB7187F1FCB003E8B70 /* InfoPlist.strings */; };
		37DE8BBB187F1FCB003E8B70 /* vidIOSTests.m in Sources */ = {isa = PBXBuildFile; fileRef = 37DE8BBA187F1FCB003E8B70 /* vidIOSTests.m */; };
		37DE8BCC187F5863003E8B70 /* DKNavigationController.m in Sources */ = {isa = PBXBuildFile; fileRef = 37DE8BCB187F5863003E8B70 /* DKNavigationController.m */; };
		4222E4DF18B929A2008B9DB2 /* AVCamRecorder.m in Sources */ = {isa = PBXBuildFile; fileRef = 4222E4DA18B929A2008B9DB2 /* AVCamRecorder.m */; };
		4222E4E018B929A2008B9DB2 /* AVCamUtilities.m in Sources */ = {isa = PBXBuildFile; fileRef = 4222E4DC18B929A2008B9DB2 /* AVCamUtilities.m */; };
		4222E4E118B929A2008B9DB2 /* CaptureManager.m in Sources */ = {isa = PBXBuildFile; fileRef = 4222E4DE18B929A2008B9DB2 /* CaptureManager.m */; };
		4222E4E418B929B0008B9DB2 /* KZCameraView.m in Sources */ = {isa = PBXBuildFile; fileRef = 4222E4E318B929B0008B9DB2 /* KZCameraView.m */; };
		4222E4E818B92A03008B9DB2 /* DKRecorderViewController.m in Sources */ = {isa = PBXBuildFile; fileRef = 4222E4E718B92A03008B9DB2 /* DKRecorderViewController.m */; };
		4222E4EB18B936FD008B9DB2 /* DKMyCollectionController.m in Sources */ = {isa = PBXBuildFile; fileRef = 4222E4EA18B936FD008B9DB2 /* DKMyCollectionController.m */; };
		426C88E4188C867E00D03CE9 /* Parse.framework in Frameworks */ = {isa = PBXBuildFile; fileRef = 426C88E1188C867E00D03CE9 /* Parse.framework */; };
		426C88E5188C867E00D03CE9 /* FacebookSDK.framework in Frameworks */ = {isa = PBXBuildFile; fileRef = 426C88E2188C867E00D03CE9 /* FacebookSDK.framework */; };
		426C88E6188C867E00D03CE9 /* FacebookSDKResources.bundle in Resources */ = {isa = PBXBuildFile; fileRef = 426C88E3188C867E00D03CE9 /* FacebookSDKResources.bundle */; };
/* End PBXBuildFile section */

/* Begin PBXContainerItemProxy section */
		37DE8BB2187F1FCB003E8B70 /* PBXContainerItemProxy */ = {
			isa = PBXContainerItemProxy;
			containerPortal = 37DE8B7E187F1FCB003E8B70 /* Project object */;
			proxyType = 1;
			remoteGlobalIDString = 37DE8B85187F1FCB003E8B70;
			remoteInfo = vidIOS;
		};
/* End PBXContainerItemProxy section */

/* Begin PBXFileReference section */
		3750874218838D16009478D1 /* DKProgressViewController.h */ = {isa = PBXFileReference; fileEncoding = 4; lastKnownFileType = sourcecode.c.h; path = DKProgressViewController.h; sourceTree = "<group>"; };
		3750874318838D16009478D1 /* DKProgressViewController.m */ = {isa = PBXFileReference; fileEncoding = 4; lastKnownFileType = sourcecode.c.objc; path = DKProgressViewController.m; sourceTree = "<group>"; };
		375128821883317E001934A4 /* AFHTTPRequestOperation.h */ = {isa = PBXFileReference; fileEncoding = 4; lastKnownFileType = sourcecode.c.h; path = AFHTTPRequestOperation.h; sourceTree = "<group>"; };
		375128831883317E001934A4 /* AFHTTPRequestOperation.m */ = {isa = PBXFileReference; fileEncoding = 4; lastKnownFileType = sourcecode.c.objc; path = AFHTTPRequestOperation.m; sourceTree = "<group>"; };
		375128841883317E001934A4 /* AFHTTPRequestOperationManager.h */ = {isa = PBXFileReference; fileEncoding = 4; lastKnownFileType = sourcecode.c.h; path = AFHTTPRequestOperationManager.h; sourceTree = "<group>"; };
		375128851883317E001934A4 /* AFHTTPRequestOperationManager.m */ = {isa = PBXFileReference; fileEncoding = 4; lastKnownFileType = sourcecode.c.objc; path = AFHTTPRequestOperationManager.m; sourceTree = "<group>"; };
		375128861883317E001934A4 /* AFHTTPSessionManager.h */ = {isa = PBXFileReference; fileEncoding = 4; lastKnownFileType = sourcecode.c.h; path = AFHTTPSessionManager.h; sourceTree = "<group>"; };
		375128871883317E001934A4 /* AFHTTPSessionManager.m */ = {isa = PBXFileReference; fileEncoding = 4; lastKnownFileType = sourcecode.c.objc; path = AFHTTPSessionManager.m; sourceTree = "<group>"; };
		375128881883317E001934A4 /* AFNetworking.h */ = {isa = PBXFileReference; fileEncoding = 4; lastKnownFileType = sourcecode.c.h; path = AFNetworking.h; sourceTree = "<group>"; };
		375128891883317E001934A4 /* AFNetworkReachabilityManager.h */ = {isa = PBXFileReference; fileEncoding = 4; lastKnownFileType = sourcecode.c.h; path = AFNetworkReachabilityManager.h; sourceTree = "<group>"; };
		3751288A1883317E001934A4 /* AFNetworkReachabilityManager.m */ = {isa = PBXFileReference; fileEncoding = 4; lastKnownFileType = sourcecode.c.objc; path = AFNetworkReachabilityManager.m; sourceTree = "<group>"; };
		3751288B1883317E001934A4 /* AFSecurityPolicy.h */ = {isa = PBXFileReference; fileEncoding = 4; lastKnownFileType = sourcecode.c.h; path = AFSecurityPolicy.h; sourceTree = "<group>"; };
		3751288C1883317E001934A4 /* AFSecurityPolicy.m */ = {isa = PBXFileReference; fileEncoding = 4; lastKnownFileType = sourcecode.c.objc; path = AFSecurityPolicy.m; sourceTree = "<group>"; };
		3751288D1883317E001934A4 /* AFURLConnectionOperation.h */ = {isa = PBXFileReference; fileEncoding = 4; lastKnownFileType = sourcecode.c.h; path = AFURLConnectionOperation.h; sourceTree = "<group>"; };
		3751288E1883317E001934A4 /* AFURLConnectionOperation.m */ = {isa = PBXFileReference; fileEncoding = 4; lastKnownFileType = sourcecode.c.objc; path = AFURLConnectionOperation.m; sourceTree = "<group>"; };
		3751288F1883317E001934A4 /* AFURLRequestSerialization.h */ = {isa = PBXFileReference; fileEncoding = 4; lastKnownFileType = sourcecode.c.h; path = AFURLRequestSerialization.h; sourceTree = "<group>"; };
		375128901883317E001934A4 /* AFURLRequestSerialization.m */ = {isa = PBXFileReference; fileEncoding = 4; lastKnownFileType = sourcecode.c.objc; path = AFURLRequestSerialization.m; sourceTree = "<group>"; };
		375128911883317E001934A4 /* AFURLResponseSerialization.h */ = {isa = PBXFileReference; fileEncoding = 4; lastKnownFileType = sourcecode.c.h; path = AFURLResponseSerialization.h; sourceTree = "<group>"; };
		375128921883317E001934A4 /* AFURLResponseSerialization.m */ = {isa = PBXFileReference; fileEncoding = 4; lastKnownFileType = sourcecode.c.objc; path = AFURLResponseSerialization.m; sourceTree = "<group>"; };
		375128931883317E001934A4 /* AFURLSessionManager.h */ = {isa = PBXFileReference; fileEncoding = 4; lastKnownFileType = sourcecode.c.h; path = AFURLSessionManager.h; sourceTree = "<group>"; };
		375128941883317E001934A4 /* AFURLSessionManager.m */ = {isa = PBXFileReference; fileEncoding = 4; lastKnownFileType = sourcecode.c.objc; path = AFURLSessionManager.m; sourceTree = "<group>"; };
		3751289F188333CF001934A4 /* AFNetworkActivityIndicatorManager.h */ = {isa = PBXFileReference; fileEncoding = 4; lastKnownFileType = sourcecode.c.h; path = AFNetworkActivityIndicatorManager.h; sourceTree = "<group>"; };
		375128A0188333CF001934A4 /* AFNetworkActivityIndicatorManager.m */ = {isa = PBXFileReference; fileEncoding = 4; lastKnownFileType = sourcecode.c.objc; path = AFNetworkActivityIndicatorManager.m; sourceTree = "<group>"; };
		375128A1188333CF001934A4 /* UIActivityIndicatorView+AFNetworking.h */ = {isa = PBXFileReference; fileEncoding = 4; lastKnownFileType = sourcecode.c.h; path = "UIActivityIndicatorView+AFNetworking.h"; sourceTree = "<group>"; };
		375128A2188333CF001934A4 /* UIActivityIndicatorView+AFNetworking.m */ = {isa = PBXFileReference; fileEncoding = 4; lastKnownFileType = sourcecode.c.objc; path = "UIActivityIndicatorView+AFNetworking.m"; sourceTree = "<group>"; };
		375128A3188333CF001934A4 /* UIAlertView+AFNetworking.h */ = {isa = PBXFileReference; fileEncoding = 4; lastKnownFileType = sourcecode.c.h; path = "UIAlertView+AFNetworking.h"; sourceTree = "<group>"; };
		375128A4188333CF001934A4 /* UIAlertView+AFNetworking.m */ = {isa = PBXFileReference; fileEncoding = 4; lastKnownFileType = sourcecode.c.objc; path = "UIAlertView+AFNetworking.m"; sourceTree = "<group>"; };
		375128A5188333CF001934A4 /* UIButton+AFNetworking.h */ = {isa = PBXFileReference; fileEncoding = 4; lastKnownFileType = sourcecode.c.h; path = "UIButton+AFNetworking.h"; sourceTree = "<group>"; };
		375128A6188333CF001934A4 /* UIButton+AFNetworking.m */ = {isa = PBXFileReference; fileEncoding = 4; lastKnownFileType = sourcecode.c.objc; path = "UIButton+AFNetworking.m"; sourceTree = "<group>"; };
		375128A7188333CF001934A4 /* UIImageView+AFNetworking.h */ = {isa = PBXFileReference; fileEncoding = 4; lastKnownFileType = sourcecode.c.h; path = "UIImageView+AFNetworking.h"; sourceTree = "<group>"; };
		375128A8188333CF001934A4 /* UIImageView+AFNetworking.m */ = {isa = PBXFileReference; fileEncoding = 4; lastKnownFileType = sourcecode.c.objc; path = "UIImageView+AFNetworking.m"; sourceTree = "<group>"; };
		375128A9188333CF001934A4 /* UIKit+AFNetworking.h */ = {isa = PBXFileReference; fileEncoding = 4; lastKnownFileType = sourcecode.c.h; path = "UIKit+AFNetworking.h"; sourceTree = "<group>"; };
		375128AA188333CF001934A4 /* UIProgressView+AFNetworking.h */ = {isa = PBXFileReference; fileEncoding = 4; lastKnownFileType = sourcecode.c.h; path = "UIProgressView+AFNetworking.h"; sourceTree = "<group>"; };
		375128AB188333CF001934A4 /* UIProgressView+AFNetworking.m */ = {isa = PBXFileReference; fileEncoding = 4; lastKnownFileType = sourcecode.c.objc; path = "UIProgressView+AFNetworking.m"; sourceTree = "<group>"; };
		375128AC188333CF001934A4 /* UIWebView+AFNetworking.h */ = {isa = PBXFileReference; fileEncoding = 4; lastKnownFileType = sourcecode.c.h; path = "UIWebView+AFNetworking.h"; sourceTree = "<group>"; };
		375128AD188333CF001934A4 /* UIWebView+AFNetworking.m */ = {isa = PBXFileReference; fileEncoding = 4; lastKnownFileType = sourcecode.c.objc; path = "UIWebView+AFNetworking.m"; sourceTree = "<group>"; };
		375128B518833554001934A4 /* DKFriendViewCell.h */ = {isa = PBXFileReference; fileEncoding = 4; lastKnownFileType = sourcecode.c.h; path = DKFriendViewCell.h; sourceTree = "<group>"; };
		375128B618833554001934A4 /* DKFriendViewCell.m */ = {isa = PBXFileReference; fileEncoding = 4; lastKnownFileType = sourcecode.c.objc; path = DKFriendViewCell.m; sourceTree = "<group>"; };
		375128B818833606001934A4 /* DKFBFriend.h */ = {isa = PBXFileReference; fileEncoding = 4; lastKnownFileType = sourcecode.c.h; path = DKFBFriend.h; sourceTree = "<group>"; };
		375128B918833606001934A4 /* DKFBFriend.m */ = {isa = PBXFileReference; fileEncoding = 4; lastKnownFileType = sourcecode.c.objc; path = DKFBFriend.m; sourceTree = "<group>"; };
		375128BB18837191001934A4 /* PAPImageView.h */ = {isa = PBXFileReference; fileEncoding = 4; lastKnownFileType = sourcecode.c.h; path = PAPImageView.h; sourceTree = "<group>"; };
		375128BC18837191001934A4 /* PAPImageView.m */ = {isa = PBXFileReference; fileEncoding = 4; lastKnownFileType = sourcecode.c.objc; path = PAPImageView.m; sourceTree = "<group>"; };
		377C17C51880828500DEEE72 /* DKLogInViewController.h */ = {isa = PBXFileReference; fileEncoding = 4; lastKnownFileType = sourcecode.c.h; path = DKLogInViewController.h; sourceTree = "<group>"; };
		377C17C61880828500DEEE72 /* DKLogInViewController.m */ = {isa = PBXFileReference; fileEncoding = 4; lastKnownFileType = sourcecode.c.objc; path = DKLogInViewController.m; sourceTree = "<group>"; };
		377C17CC1880830700DEEE72 /* MBProgressHUD.h */ = {isa = PBXFileReference; fileEncoding = 4; lastKnownFileType = sourcecode.c.h; path = MBProgressHUD.h; sourceTree = "<group>"; };
		377C17CD1880830700DEEE72 /* MBProgressHUD.m */ = {isa = PBXFileReference; fileEncoding = 4; lastKnownFileType = sourcecode.c.objc; path = MBProgressHUD.m; sourceTree = "<group>"; };
		377C17D01880830700DEEE72 /* Reachability.h */ = {isa = PBXFileReference; fileEncoding = 4; lastKnownFileType = sourcecode.c.h; path = Reachability.h; sourceTree = "<group>"; };
		377C17D11880830700DEEE72 /* Reachability.m */ = {isa = PBXFileReference; fileEncoding = 4; lastKnownFileType = sourcecode.c.objc; path = Reachability.m; sourceTree = "<group>"; };
		377C17D31880830700DEEE72 /* TTTTimeIntervalFormatter.h */ = {isa = PBXFileReference; fileEncoding = 4; lastKnownFileType = sourcecode.c.h; path = TTTTimeIntervalFormatter.h; sourceTree = "<group>"; };
		377C17D41880830700DEEE72 /* TTTTimeIntervalFormatter.m */ = {isa = PBXFileReference; fileEncoding = 4; lastKnownFileType = sourcecode.c.objc; path = TTTTimeIntervalFormatter.m; sourceTree = "<group>"; };
		377C17DB188085F800DEEE72 /* MobileCoreServices.framework */ = {isa = PBXFileReference; lastKnownFileType = wrapper.framework; name = MobileCoreServices.framework; path = System/Library/Frameworks/MobileCoreServices.framework; sourceTree = SDKROOT; };
		377C17DD1880864100DEEE72 /* CFNetwork.framework */ = {isa = PBXFileReference; lastKnownFileType = wrapper.framework; name = CFNetwork.framework; path = System/Library/Frameworks/CFNetwork.framework; sourceTree = SDKROOT; };
		377C17DF1880864A00DEEE72 /* SystemConfiguration.framework */ = {isa = PBXFileReference; lastKnownFileType = wrapper.framework; name = SystemConfiguration.framework; path = System/Library/Frameworks/SystemConfiguration.framework; sourceTree = SDKROOT; };
		377C17E11880865200DEEE72 /* AudioToolbox.framework */ = {isa = PBXFileReference; lastKnownFileType = wrapper.framework; name = AudioToolbox.framework; path = System/Library/Frameworks/AudioToolbox.framework; sourceTree = SDKROOT; };
		377C17E31880865B00DEEE72 /* Security.framework */ = {isa = PBXFileReference; lastKnownFileType = wrapper.framework; name = Security.framework; path = System/Library/Frameworks/Security.framework; sourceTree = SDKROOT; };
		377C17E51880866400DEEE72 /* QuartzCore.framework */ = {isa = PBXFileReference; lastKnownFileType = wrapper.framework; name = QuartzCore.framework; path = System/Library/Frameworks/QuartzCore.framework; sourceTree = SDKROOT; };
		377C17E71880866B00DEEE72 /* AVFoundation.framework */ = {isa = PBXFileReference; lastKnownFileType = wrapper.framework; name = AVFoundation.framework; path = System/Library/Frameworks/AVFoundation.framework; sourceTree = SDKROOT; };
		377C17E91880867200DEEE72 /* ImageIO.framework */ = {isa = PBXFileReference; lastKnownFileType = wrapper.framework; name = ImageIO.framework; path = System/Library/Frameworks/ImageIO.framework; sourceTree = SDKROOT; };
		377C17EB1880867C00DEEE72 /* CoreLocation.framework */ = {isa = PBXFileReference; lastKnownFileType = wrapper.framework; name = CoreLocation.framework; path = System/Library/Frameworks/CoreLocation.framework; sourceTree = SDKROOT; };
		377C17ED1880869100DEEE72 /* AddressBook.framework */ = {isa = PBXFileReference; lastKnownFileType = wrapper.framework; name = AddressBook.framework; path = System/Library/Frameworks/AddressBook.framework; sourceTree = SDKROOT; };
		377C17EF1880869B00DEEE72 /* AddressBookUI.framework */ = {isa = PBXFileReference; lastKnownFileType = wrapper.framework; name = AddressBookUI.framework; path = System/Library/Frameworks/AddressBookUI.framework; sourceTree = SDKROOT; };
		377C17F1188086A700DEEE72 /* MessageUI.framework */ = {isa = PBXFileReference; lastKnownFileType = wrapper.framework; name = MessageUI.framework; path = System/Library/Frameworks/MessageUI.framework; sourceTree = SDKROOT; };
		377C17F3188086B500DEEE72 /* Accounts.framework */ = {isa = PBXFileReference; lastKnownFileType = wrapper.framework; name = Accounts.framework; path = System/Library/Frameworks/Accounts.framework; sourceTree = SDKROOT; };
		377C17F5188086B900DEEE72 /* Social.framework */ = {isa = PBXFileReference; lastKnownFileType = wrapper.framework; name = Social.framework; path = System/Library/Frameworks/Social.framework; sourceTree = SDKROOT; };
		377C17F7188091AA00DEEE72 /* DKWelcomeViewController.h */ = {isa = PBXFileReference; fileEncoding = 4; lastKnownFileType = sourcecode.c.h; path = DKWelcomeViewController.h; sourceTree = "<group>"; };
		377C17F8188091AA00DEEE72 /* DKWelcomeViewController.m */ = {isa = PBXFileReference; fileEncoding = 4; lastKnownFileType = sourcecode.c.objc; path = DKWelcomeViewController.m; sourceTree = "<group>"; };
		377C17FA188096F200DEEE72 /* libsqlite3.dylib */ = {isa = PBXFileReference; lastKnownFileType = "compiled.mach-o.dylib"; name = libsqlite3.dylib; path = usr/lib/libsqlite3.dylib; sourceTree = SDKROOT; };
		377C17FB188096F200DEEE72 /* libz.1.1.3.dylib */ = {isa = PBXFileReference; lastKnownFileType = "compiled.mach-o.dylib"; name = libz.1.1.3.dylib; path = usr/lib/libz.1.1.3.dylib; sourceTree = SDKROOT; };
		377C17FE1880987F00DEEE72 /* AdSupport.framework */ = {isa = PBXFileReference; lastKnownFileType = wrapper.framework; name = AdSupport.framework; path = System/Library/Frameworks/AdSupport.framework; sourceTree = SDKROOT; };
		377C18001881A0FE00DEEE72 /* DKConstants.h */ = {isa = PBXFileReference; fileEncoding = 4; lastKnownFileType = sourcecode.c.h; path = DKConstants.h; sourceTree = "<group>"; };
		377C18011881A0FE00DEEE72 /* DKConstants.m */ = {isa = PBXFileReference; fileEncoding = 4; lastKnownFileType = sourcecode.c.objc; path = DKConstants.m; sourceTree = "<group>"; };
		377C18031881D30300DEEE72 /* PAPUtility.h */ = {isa = PBXFileReference; fileEncoding = 4; lastKnownFileType = sourcecode.c.h; path = PAPUtility.h; sourceTree = "<group>"; };
		377C18041881D30300DEEE72 /* PAPUtility.m */ = {isa = PBXFileReference; fileEncoding = 4; lastKnownFileType = sourcecode.c.objc; path = PAPUtility.m; sourceTree = "<group>"; };
		377C18051881D30300DEEE72 /* PAPCache.h */ = {isa = PBXFileReference; fileEncoding = 4; lastKnownFileType = sourcecode.c.h; path = PAPCache.h; sourceTree = "<group>"; };
		377C18061881D30300DEEE72 /* PAPCache.m */ = {isa = PBXFileReference; fileEncoding = 4; lastKnownFileType = sourcecode.c.objc; path = PAPCache.m; sourceTree = "<group>"; };
		377C18091881D3A000DEEE72 /* UIImage+Alpha.h */ = {isa = PBXFileReference; fileEncoding = 4; lastKnownFileType = sourcecode.c.h; path = "UIImage+Alpha.h"; sourceTree = "<group>"; };
		377C180A1881D3A000DEEE72 /* UIImage+Alpha.m */ = {isa = PBXFileReference; fileEncoding = 4; lastKnownFileType = sourcecode.c.objc; path = "UIImage+Alpha.m"; sourceTree = "<group>"; };
		377C180B1881D3A000DEEE72 /* UIImage+AlphaAdditions.h */ = {isa = PBXFileReference; fileEncoding = 4; lastKnownFileType = sourcecode.c.h; path = "UIImage+AlphaAdditions.h"; sourceTree = "<group>"; };
		377C180C1881D3A000DEEE72 /* UIImage+AlphaAdditions.m */ = {isa = PBXFileReference; fileEncoding = 4; lastKnownFileType = sourcecode.c.objc; path = "UIImage+AlphaAdditions.m"; sourceTree = "<group>"; };
		377C180D1881D3A000DEEE72 /* UIImage+ResizeAdditions.h */ = {isa = PBXFileReference; fileEncoding = 4; lastKnownFileType = sourcecode.c.h; path = "UIImage+ResizeAdditions.h"; sourceTree = "<group>"; };
		377C180E1881D3A000DEEE72 /* UIImage+ResizeAdditions.m */ = {isa = PBXFileReference; fileEncoding = 4; lastKnownFileType = sourcecode.c.objc; path = "UIImage+ResizeAdditions.m"; sourceTree = "<group>"; };
		377C180F1881D3A000DEEE72 /* UIImage+RoundedCornerAdditions.h */ = {isa = PBXFileReference; fileEncoding = 4; lastKnownFileType = sourcecode.c.h; path = "UIImage+RoundedCornerAdditions.h"; sourceTree = "<group>"; };
		377C18101881D3A000DEEE72 /* UIImage+RoundedCornerAdditions.m */ = {isa = PBXFileReference; fileEncoding = 4; lastKnownFileType = sourcecode.c.objc; path = "UIImage+RoundedCornerAdditions.m"; sourceTree = "<group>"; };
		377C18171881F52D00DEEE72 /* MMDrawerBarButtonItem.h */ = {isa = PBXFileReference; fileEncoding = 4; lastKnownFileType = sourcecode.c.h; path = MMDrawerBarButtonItem.h; sourceTree = "<group>"; };
		377C18181881F52D00DEEE72 /* MMDrawerBarButtonItem.m */ = {isa = PBXFileReference; fileEncoding = 4; lastKnownFileType = sourcecode.c.objc; path = MMDrawerBarButtonItem.m; sourceTree = "<group>"; };
		377C18191881F52D00DEEE72 /* MMDrawerController+Subclass.h */ = {isa = PBXFileReference; fileEncoding = 4; lastKnownFileType = sourcecode.c.h; path = "MMDrawerController+Subclass.h"; sourceTree = "<group>"; };
		377C181A1881F52D00DEEE72 /* MMDrawerController.h */ = {isa = PBXFileReference; fileEncoding = 4; lastKnownFileType = sourcecode.c.h; path = MMDrawerController.h; sourceTree = "<group>"; };
		377C181B1881F52D00DEEE72 /* MMDrawerController.m */ = {isa = PBXFileReference; fileEncoding = 4; lastKnownFileType = sourcecode.c.objc; path = MMDrawerController.m; sourceTree = "<group>"; };
		377C181C1881F52D00DEEE72 /* MMDrawerVisualState.h */ = {isa = PBXFileReference; fileEncoding = 4; lastKnownFileType = sourcecode.c.h; path = MMDrawerVisualState.h; sourceTree = "<group>"; };
		377C181D1881F52D00DEEE72 /* MMDrawerVisualState.m */ = {isa = PBXFileReference; fileEncoding = 4; lastKnownFileType = sourcecode.c.objc; path = MMDrawerVisualState.m; sourceTree = "<group>"; };
		377C181E1881F52D00DEEE72 /* UIViewController+MMDrawerController.h */ = {isa = PBXFileReference; fileEncoding = 4; lastKnownFileType = sourcecode.c.h; path = "UIViewController+MMDrawerController.h"; sourceTree = "<group>"; };
		377C181F1881F52D00DEEE72 /* UIViewController+MMDrawerController.m */ = {isa = PBXFileReference; fileEncoding = 4; lastKnownFileType = sourcecode.c.objc; path = "UIViewController+MMDrawerController.m"; sourceTree = "<group>"; };
		377C18241882DD1A00DEEE72 /* usersFonts.ttf */ = {isa = PBXFileReference; lastKnownFileType = file; path = usersFonts.ttf; sourceTree = "<group>"; };
		377C1826188312FB00DEEE72 /* DKNameViewController.h */ = {isa = PBXFileReference; fileEncoding = 4; lastKnownFileType = sourcecode.c.h; path = DKNameViewController.h; sourceTree = "<group>"; };
		377C1827188312FB00DEEE72 /* DKNameViewController.m */ = {isa = PBXFileReference; fileEncoding = 4; lastKnownFileType = sourcecode.c.objc; path = DKNameViewController.m; sourceTree = "<group>"; };
		377C18291883132900DEEE72 /* DKFriendsViewController.h */ = {isa = PBXFileReference; fileEncoding = 4; lastKnownFileType = sourcecode.c.h; path = DKFriendsViewController.h; sourceTree = "<group>"; };
		377C182A1883132900DEEE72 /* DKFriendsViewController.m */ = {isa = PBXFileReference; fileEncoding = 4; lastKnownFileType = sourcecode.c.objc; path = DKFriendsViewController.m; sourceTree = "<group>"; };
		377C182C1883165E00DEEE72 /* DKtmpViewController.h */ = {isa = PBXFileReference; fileEncoding = 4; lastKnownFileType = sourcecode.c.h; path = DKtmpViewController.h; sourceTree = "<group>"; };
		377C182D1883165E00DEEE72 /* DKtmpViewController.m */ = {isa = PBXFileReference; fileEncoding = 4; lastKnownFileType = sourcecode.c.objc; path = DKtmpViewController.m; sourceTree = "<group>"; };
		37DE8B86187F1FCB003E8B70 /* vidIOS.app */ = {isa = PBXFileReference; explicitFileType = wrapper.application; includeInIndex = 0; path = vidIOS.app; sourceTree = BUILT_PRODUCTS_DIR; };
		37DE8B89187F1FCB003E8B70 /* Foundation.framework */ = {isa = PBXFileReference; lastKnownFileType = wrapper.framework; name = Foundation.framework; path = System/Library/Frameworks/Foundation.framework; sourceTree = SDKROOT; };
		37DE8B8B187F1FCB003E8B70 /* CoreGraphics.framework */ = {isa = PBXFileReference; lastKnownFileType = wrapper.framework; name = CoreGraphics.framework; path = System/Library/Frameworks/CoreGraphics.framework; sourceTree = SDKROOT; };
		37DE8B8D187F1FCB003E8B70 /* UIKit.framework */ = {isa = PBXFileReference; lastKnownFileType = wrapper.framework; name = UIKit.framework; path = System/Library/Frameworks/UIKit.framework; sourceTree = SDKROOT; };
		37DE8B91187F1FCB003E8B70 /* vidIOS-Info.plist */ = {isa = PBXFileReference; lastKnownFileType = text.plist.xml; path = "vidIOS-Info.plist"; sourceTree = "<group>"; };
		37DE8B93187F1FCB003E8B70 /* en */ = {isa = PBXFileReference; lastKnownFileType = text.plist.strings; name = en; path = en.lproj/InfoPlist.strings; sourceTree = "<group>"; };
		37DE8B95187F1FCB003E8B70 /* main.m */ = {isa = PBXFileReference; lastKnownFileType = sourcecode.c.objc; path = main.m; sourceTree = "<group>"; };
		37DE8B97187F1FCB003E8B70 /* vidIOS-Prefix.pch */ = {isa = PBXFileReference; lastKnownFileType = sourcecode.c.h; path = "vidIOS-Prefix.pch"; sourceTree = "<group>"; };
		37DE8B98187F1FCB003E8B70 /* DKAppDelegate.h */ = {isa = PBXFileReference; lastKnownFileType = sourcecode.c.h; path = DKAppDelegate.h; sourceTree = "<group>"; };
		37DE8B99187F1FCB003E8B70 /* DKAppDelegate.m */ = {isa = PBXFileReference; lastKnownFileType = sourcecode.c.objc; path = DKAppDelegate.m; sourceTree = "<group>"; };
		37DE8B9C187F1FCB003E8B70 /* Base */ = {isa = PBXFileReference; lastKnownFileType = file.storyboard; name = Base; path = Base.lproj/Main_iPhone.storyboard; sourceTree = "<group>"; };
		37DE8B9F187F1FCB003E8B70 /* Base */ = {isa = PBXFileReference; lastKnownFileType = file.storyboard; name = Base; path = Base.lproj/Main_iPad.storyboard; sourceTree = "<group>"; };
		37DE8BA7187F1FCB003E8B70 /* Images.xcassets */ = {isa = PBXFileReference; lastKnownFileType = folder.assetcatalog; path = Images.xcassets; sourceTree = "<group>"; };
		37DE8BAD187F1FCB003E8B70 /* vidIOSTests.xctest */ = {isa = PBXFileReference; explicitFileType = wrapper.cfbundle; includeInIndex = 0; path = vidIOSTests.xctest; sourceTree = BUILT_PRODUCTS_DIR; };
		37DE8BAE187F1FCB003E8B70 /* XCTest.framework */ = {isa = PBXFileReference; lastKnownFileType = wrapper.framework; name = XCTest.framework; path = Library/Frameworks/XCTest.framework; sourceTree = DEVELOPER_DIR; };
		37DE8BB6187F1FCB003E8B70 /* vidIOSTests-Info.plist */ = {isa = PBXFileReference; lastKnownFileType = text.plist.xml; path = "vidIOSTests-Info.plist"; sourceTree = "<group>"; };
		37DE8BB8187F1FCB003E8B70 /* en */ = {isa = PBXFileReference; lastKnownFileType = text.plist.strings; name = en; path = en.lproj/InfoPlist.strings; sourceTree = "<group>"; };
		37DE8BBA187F1FCB003E8B70 /* vidIOSTests.m */ = {isa = PBXFileReference; lastKnownFileType = sourcecode.c.objc; path = vidIOSTests.m; sourceTree = "<group>"; };
		37DE8BCA187F5863003E8B70 /* DKNavigationController.h */ = {isa = PBXFileReference; fileEncoding = 4; lastKnownFileType = sourcecode.c.h; path = DKNavigationController.h; sourceTree = "<group>"; };
		37DE8BCB187F5863003E8B70 /* DKNavigationController.m */ = {isa = PBXFileReference; fileEncoding = 4; lastKnownFileType = sourcecode.c.objc; path = DKNavigationController.m; sourceTree = "<group>"; };
		4222E4D918B929A2008B9DB2 /* AVCamRecorder.h */ = {isa = PBXFileReference; fileEncoding = 4; lastKnownFileType = sourcecode.c.h; path = AVCamRecorder.h; sourceTree = "<group>"; };
		4222E4DA18B929A2008B9DB2 /* AVCamRecorder.m */ = {isa = PBXFileReference; fileEncoding = 4; lastKnownFileType = sourcecode.c.objc; path = AVCamRecorder.m; sourceTree = "<group>"; };
		4222E4DB18B929A2008B9DB2 /* AVCamUtilities.h */ = {isa = PBXFileReference; fileEncoding = 4; lastKnownFileType = sourcecode.c.h; path = AVCamUtilities.h; sourceTree = "<group>"; };
		4222E4DC18B929A2008B9DB2 /* AVCamUtilities.m */ = {isa = PBXFileReference; fileEncoding = 4; lastKnownFileType = sourcecode.c.objc; path = AVCamUtilities.m; sourceTree = "<group>"; };
		4222E4DD18B929A2008B9DB2 /* CaptureManager.h */ = {isa = PBXFileReference; fileEncoding = 4; lastKnownFileType = sourcecode.c.h; path = CaptureManager.h; sourceTree = "<group>"; };
		4222E4DE18B929A2008B9DB2 /* CaptureManager.m */ = {isa = PBXFileReference; fileEncoding = 4; lastKnownFileType = sourcecode.c.objc; path = CaptureManager.m; sourceTree = "<group>"; };
		4222E4E218B929B0008B9DB2 /* KZCameraView.h */ = {isa = PBXFileReference; fileEncoding = 4; lastKnownFileType = sourcecode.c.h; path = KZCameraView.h; sourceTree = "<group>"; };
		4222E4E318B929B0008B9DB2 /* KZCameraView.m */ = {isa = PBXFileReference; fileEncoding = 4; lastKnownFileType = sourcecode.c.objc; path = KZCameraView.m; sourceTree = "<group>"; };
		4222E4E618B92A03008B9DB2 /* DKRecorderViewController.h */ = {isa = PBXFileReference; fileEncoding = 4; lastKnownFileType = sourcecode.c.h; path = DKRecorderViewController.h; sourceTree = "<group>"; };
		4222E4E718B92A03008B9DB2 /* DKRecorderViewController.m */ = {isa = PBXFileReference; fileEncoding = 4; lastKnownFileType = sourcecode.c.objc; path = DKRecorderViewController.m; sourceTree = "<group>"; };
		4222E4E918B936FD008B9DB2 /* DKMyCollectionController.h */ = {isa = PBXFileReference; fileEncoding = 4; lastKnownFileType = sourcecode.c.h; path = DKMyCollectionController.h; sourceTree = "<group>"; };
		4222E4EA18B936FD008B9DB2 /* DKMyCollectionController.m */ = {isa = PBXFileReference; fileEncoding = 4; lastKnownFileType = sourcecode.c.objc; path = DKMyCollectionController.m; sourceTree = "<group>"; };
		426C88E1188C867E00D03CE9 /* Parse.framework */ = {isa = PBXFileReference; lastKnownFileType = wrapper.framework; path = Parse.framework; sourceTree = "<group>"; };
		426C88E2188C867E00D03CE9 /* FacebookSDK.framework */ = {isa = PBXFileReference; lastKnownFileType = wrapper.framework; path = FacebookSDK.framework; sourceTree = "<group>"; };
		426C88E3188C867E00D03CE9 /* FacebookSDKResources.bundle */ = {isa = PBXFileReference; lastKnownFileType = "wrapper.plug-in"; path = FacebookSDKResources.bundle; sourceTree = "<group>"; };
/* End PBXFileReference section */

/* Begin PBXFrameworksBuildPhase section */
		37DE8B83187F1FCB003E8B70 /* Frameworks */ = {
			isa = PBXFrameworksBuildPhase;
			buildActionMask = 2147483647;
			files = (
				377C17FF1880987F00DEEE72 /* AdSupport.framework in Frameworks */,
				377C17F6188086B900DEEE72 /* Social.framework in Frameworks */,
				377C17F4188086B500DEEE72 /* Accounts.framework in Frameworks */,
				377C17F2188086A700DEEE72 /* MessageUI.framework in Frameworks */,
				377C17F01880869B00DEEE72 /* AddressBookUI.framework in Frameworks */,
				377C17EE1880869100DEEE72 /* AddressBook.framework in Frameworks */,
				377C17EC1880867C00DEEE72 /* CoreLocation.framework in Frameworks */,
				377C17EA1880867200DEEE72 /* ImageIO.framework in Frameworks */,
				377C17E81880866B00DEEE72 /* AVFoundation.framework in Frameworks */,
				377C17E61880866400DEEE72 /* QuartzCore.framework in Frameworks */,
				426C88E4188C867E00D03CE9 /* Parse.framework in Frameworks */,
				377C17E41880865B00DEEE72 /* Security.framework in Frameworks */,
				377C17E21880865200DEEE72 /* AudioToolbox.framework in Frameworks */,
				377C17E01880864A00DEEE72 /* SystemConfiguration.framework in Frameworks */,
				377C17DE1880864100DEEE72 /* CFNetwork.framework in Frameworks */,
				37DE8B8C187F1FCB003E8B70 /* CoreGraphics.framework in Frameworks */,
				377C17DC188085F800DEEE72 /* MobileCoreServices.framework in Frameworks */,
				37DE8B8E187F1FCB003E8B70 /* UIKit.framework in Frameworks */,
				37DE8B8A187F1FCB003E8B70 /* Foundation.framework in Frameworks */,
				426C88E5188C867E00D03CE9 /* FacebookSDK.framework in Frameworks */,
				377C17FC188096F200DEEE72 /* libsqlite3.dylib in Frameworks */,
				377C17FD188096F200DEEE72 /* libz.1.1.3.dylib in Frameworks */,
			);
			runOnlyForDeploymentPostprocessing = 0;
		};
		37DE8BAA187F1FCB003E8B70 /* Frameworks */ = {
			isa = PBXFrameworksBuildPhase;
			buildActionMask = 2147483647;
			files = (
				37DE8BAF187F1FCB003E8B70 /* XCTest.framework in Frameworks */,
				37DE8BB1187F1FCB003E8B70 /* UIKit.framework in Frameworks */,
				37DE8BB0187F1FCB003E8B70 /* Foundation.framework in Frameworks */,
			);
			runOnlyForDeploymentPostprocessing = 0;
		};
/* End PBXFrameworksBuildPhase section */

/* Begin PBXGroup section */
		375128811883317E001934A4 /* AFNetworking */ = {
			isa = PBXGroup;
			children = (
				375128821883317E001934A4 /* AFHTTPRequestOperation.h */,
				375128831883317E001934A4 /* AFHTTPRequestOperation.m */,
				375128841883317E001934A4 /* AFHTTPRequestOperationManager.h */,
				375128851883317E001934A4 /* AFHTTPRequestOperationManager.m */,
				375128861883317E001934A4 /* AFHTTPSessionManager.h */,
				375128871883317E001934A4 /* AFHTTPSessionManager.m */,
				375128881883317E001934A4 /* AFNetworking.h */,
				375128891883317E001934A4 /* AFNetworkReachabilityManager.h */,
				3751288A1883317E001934A4 /* AFNetworkReachabilityManager.m */,
				3751288B1883317E001934A4 /* AFSecurityPolicy.h */,
				3751288C1883317E001934A4 /* AFSecurityPolicy.m */,
				3751288D1883317E001934A4 /* AFURLConnectionOperation.h */,
				3751288E1883317E001934A4 /* AFURLConnectionOperation.m */,
				3751288F1883317E001934A4 /* AFURLRequestSerialization.h */,
				375128901883317E001934A4 /* AFURLRequestSerialization.m */,
				375128911883317E001934A4 /* AFURLResponseSerialization.h */,
				375128921883317E001934A4 /* AFURLResponseSerialization.m */,
				375128931883317E001934A4 /* AFURLSessionManager.h */,
				375128941883317E001934A4 /* AFURLSessionManager.m */,
			);
			path = AFNetworking;
			sourceTree = "<group>";
		};
		3751289E188333CF001934A4 /* UIKit+AFNetworking */ = {
			isa = PBXGroup;
			children = (
				3751289F188333CF001934A4 /* AFNetworkActivityIndicatorManager.h */,
				375128A0188333CF001934A4 /* AFNetworkActivityIndicatorManager.m */,
				375128A1188333CF001934A4 /* UIActivityIndicatorView+AFNetworking.h */,
				375128A2188333CF001934A4 /* UIActivityIndicatorView+AFNetworking.m */,
				375128A3188333CF001934A4 /* UIAlertView+AFNetworking.h */,
				375128A4188333CF001934A4 /* UIAlertView+AFNetworking.m */,
				375128A5188333CF001934A4 /* UIButton+AFNetworking.h */,
				375128A6188333CF001934A4 /* UIButton+AFNetworking.m */,
				375128A7188333CF001934A4 /* UIImageView+AFNetworking.h */,
				375128A8188333CF001934A4 /* UIImageView+AFNetworking.m */,
				375128A9188333CF001934A4 /* UIKit+AFNetworking.h */,
				375128AA188333CF001934A4 /* UIProgressView+AFNetworking.h */,
				375128AB188333CF001934A4 /* UIProgressView+AFNetworking.m */,
				375128AC188333CF001934A4 /* UIWebView+AFNetworking.h */,
				375128AD188333CF001934A4 /* UIWebView+AFNetworking.m */,
			);
			path = "UIKit+AFNetworking";
			sourceTree = "<group>";
		};
		377C17C81880830700DEEE72 /* External */ = {
			isa = PBXGroup;
			children = (
				426C88E1188C867E00D03CE9 /* Parse.framework */,
				426C88E2188C867E00D03CE9 /* FacebookSDK.framework */,
				426C88E3188C867E00D03CE9 /* FacebookSDKResources.bundle */,
				3751289E188333CF001934A4 /* UIKit+AFNetworking */,
				375128811883317E001934A4 /* AFNetworking */,
				377C18161881F52D00DEEE72 /* MMDrawerController */,
				377C18151881D3A800DEEE72 /* UIImage Categories */,
				377C17CB1880830700DEEE72 /* MBProgressHUD */,
				377C17CF1880830700DEEE72 /* Reachability */,
				377C17D21880830700DEEE72 /* TTTTimeIntervalFormatter */,
			);
			path = External;
			sourceTree = "<group>";
		};
		377C17CB1880830700DEEE72 /* MBProgressHUD */ = {
			isa = PBXGroup;
			children = (
				377C17CC1880830700DEEE72 /* MBProgressHUD.h */,
				377C17CD1880830700DEEE72 /* MBProgressHUD.m */,
			);
			path = MBProgressHUD;
			sourceTree = "<group>";
		};
		377C17CF1880830700DEEE72 /* Reachability */ = {
			isa = PBXGroup;
			children = (
				377C17D01880830700DEEE72 /* Reachability.h */,
				377C17D11880830700DEEE72 /* Reachability.m */,
			);
			path = Reachability;
			sourceTree = "<group>";
		};
		377C17D21880830700DEEE72 /* TTTTimeIntervalFormatter */ = {
			isa = PBXGroup;
			children = (
				377C17D31880830700DEEE72 /* TTTTimeIntervalFormatter.h */,
				377C17D41880830700DEEE72 /* TTTTimeIntervalFormatter.m */,
			);
			path = TTTTimeIntervalFormatter;
			sourceTree = "<group>";
			usesTabs = 0;
		};
		377C18151881D3A800DEEE72 /* UIImage Categories */ = {
			isa = PBXGroup;
			children = (
				377C18091881D3A000DEEE72 /* UIImage+Alpha.h */,
				377C180A1881D3A000DEEE72 /* UIImage+Alpha.m */,
				377C180B1881D3A000DEEE72 /* UIImage+AlphaAdditions.h */,
				377C180C1881D3A000DEEE72 /* UIImage+AlphaAdditions.m */,
				377C180D1881D3A000DEEE72 /* UIImage+ResizeAdditions.h */,
				377C180E1881D3A000DEEE72 /* UIImage+ResizeAdditions.m */,
				377C180F1881D3A000DEEE72 /* UIImage+RoundedCornerAdditions.h */,
				377C18101881D3A000DEEE72 /* UIImage+RoundedCornerAdditions.m */,
			);
			name = "UIImage Categories";
			sourceTree = "<group>";
		};
		377C18161881F52D00DEEE72 /* MMDrawerController */ = {
			isa = PBXGroup;
			children = (
				377C18171881F52D00DEEE72 /* MMDrawerBarButtonItem.h */,
				377C18181881F52D00DEEE72 /* MMDrawerBarButtonItem.m */,
				377C18191881F52D00DEEE72 /* MMDrawerController+Subclass.h */,
				377C181A1881F52D00DEEE72 /* MMDrawerController.h */,
				377C181B1881F52D00DEEE72 /* MMDrawerController.m */,
				377C181C1881F52D00DEEE72 /* MMDrawerVisualState.h */,
				377C181D1881F52D00DEEE72 /* MMDrawerVisualState.m */,
				377C181E1881F52D00DEEE72 /* UIViewController+MMDrawerController.h */,
				377C181F1881F52D00DEEE72 /* UIViewController+MMDrawerController.m */,
			);
			path = MMDrawerController;
			sourceTree = "<group>";
		};
		37DE8B7D187F1FCB003E8B70 = {
			isa = PBXGroup;
			children = (
				37DE8B8F187F1FCB003E8B70 /* vidIOS */,
				37DE8BB4187F1FCB003E8B70 /* vidIOSTests */,
				377C17C81880830700DEEE72 /* External */,
				37DE8B88187F1FCB003E8B70 /* Frameworks */,
				37DE8B87187F1FCB003E8B70 /* Products */,
			);
			sourceTree = "<group>";
		};
		37DE8B87187F1FCB003E8B70 /* Products */ = {
			isa = PBXGroup;
			children = (
				37DE8B86187F1FCB003E8B70 /* vidIOS.app */,
				37DE8BAD187F1FCB003E8B70 /* vidIOSTests.xctest */,
			);
			name = Products;
			sourceTree = "<group>";
		};
		37DE8B88187F1FCB003E8B70 /* Frameworks */ = {
			isa = PBXGroup;
			children = (
				377C17FE1880987F00DEEE72 /* AdSupport.framework */,
				377C17FA188096F200DEEE72 /* libsqlite3.dylib */,
				377C17FB188096F200DEEE72 /* libz.1.1.3.dylib */,
				377C17F5188086B900DEEE72 /* Social.framework */,
				377C17F3188086B500DEEE72 /* Accounts.framework */,
				377C17F1188086A700DEEE72 /* MessageUI.framework */,
				377C17EF1880869B00DEEE72 /* AddressBookUI.framework */,
				377C17ED1880869100DEEE72 /* AddressBook.framework */,
				377C17EB1880867C00DEEE72 /* CoreLocation.framework */,
				377C17E91880867200DEEE72 /* ImageIO.framework */,
				377C17E71880866B00DEEE72 /* AVFoundation.framework */,
				377C17E51880866400DEEE72 /* QuartzCore.framework */,
				377C17E31880865B00DEEE72 /* Security.framework */,
				377C17E11880865200DEEE72 /* AudioToolbox.framework */,
				377C17DF1880864A00DEEE72 /* SystemConfiguration.framework */,
				377C17DD1880864100DEEE72 /* CFNetwork.framework */,
				377C17DB188085F800DEEE72 /* MobileCoreServices.framework */,
				37DE8B89187F1FCB003E8B70 /* Foundation.framework */,
				37DE8B8B187F1FCB003E8B70 /* CoreGraphics.framework */,
				37DE8B8D187F1FCB003E8B70 /* UIKit.framework */,
				37DE8BAE187F1FCB003E8B70 /* XCTest.framework */,
			);
			name = Frameworks;
			sourceTree = "<group>";
		};
		37DE8B8F187F1FCB003E8B70 /* vidIOS */ = {
			isa = PBXGroup;
			children = (
				4222E4E518B929BD008B9DB2 /* KZCameraView */,
				37DE8B9B187F1FCB003E8B70 /* Main_iPhone.storyboard */,
				37DE8B98187F1FCB003E8B70 /* DKAppDelegate.h */,
				37DE8B99187F1FCB003E8B70 /* DKAppDelegate.m */,
				377C17F7188091AA00DEEE72 /* DKWelcomeViewController.h */,
				377C17F8188091AA00DEEE72 /* DKWelcomeViewController.m */,
				377C17C51880828500DEEE72 /* DKLogInViewController.h */,
				377C17C61880828500DEEE72 /* DKLogInViewController.m */,
				37DE8BCA187F5863003E8B70 /* DKNavigationController.h */,
				37DE8BCB187F5863003E8B70 /* DKNavigationController.m */,
				3750874218838D16009478D1 /* DKProgressViewController.h */,
				3750874318838D16009478D1 /* DKProgressViewController.m */,
				4222E4E918B936FD008B9DB2 /* DKMyCollectionController.h */,
				4222E4EA18B936FD008B9DB2 /* DKMyCollectionController.m */,
				377C1826188312FB00DEEE72 /* DKNameViewController.h */,
				377C1827188312FB00DEEE72 /* DKNameViewController.m */,
				4222E4E618B92A03008B9DB2 /* DKRecorderViewController.h */,
				4222E4E718B92A03008B9DB2 /* DKRecorderViewController.m */,
				377C18291883132900DEEE72 /* DKFriendsViewController.h */,
				377C182A1883132900DEEE72 /* DKFriendsViewController.m */,
				375128B518833554001934A4 /* DKFriendViewCell.h */,
				375128B618833554001934A4 /* DKFriendViewCell.m */,
				375128B818833606001934A4 /* DKFBFriend.h */,
				375128B918833606001934A4 /* DKFBFriend.m */,
				377C182C1883165E00DEEE72 /* DKtmpViewController.h */,
				377C182D1883165E00DEEE72 /* DKtmpViewController.m */,
				37DE8B9E187F1FCB003E8B70 /* Main_iPad.storyboard */,
				37DE8BA7187F1FCB003E8B70 /* Images.xcassets */,
				37DE8B90187F1FCB003E8B70 /* Supporting Files */,
			);
			path = vidIOS;
			sourceTree = "<group>";
		};
		37DE8B90187F1FCB003E8B70 /* Supporting Files */ = {
			isa = PBXGroup;
			children = (
				377C18001881A0FE00DEEE72 /* DKConstants.h */,
				377C18011881A0FE00DEEE72 /* DKConstants.m */,
				375128BB18837191001934A4 /* PAPImageView.h */,
				375128BC18837191001934A4 /* PAPImageView.m */,
				377C18031881D30300DEEE72 /* PAPUtility.h */,
				377C18041881D30300DEEE72 /* PAPUtility.m */,
				377C18051881D30300DEEE72 /* PAPCache.h */,
				377C18061881D30300DEEE72 /* PAPCache.m */,
				37DE8B91187F1FCB003E8B70 /* vidIOS-Info.plist */,
				37DE8B92187F1FCB003E8B70 /* InfoPlist.strings */,
				37DE8B95187F1FCB003E8B70 /* main.m */,
				37DE8B97187F1FCB003E8B70 /* vidIOS-Prefix.pch */,
				377C18241882DD1A00DEEE72 /* usersFonts.ttf */,
			);
			name = "Supporting Files";
			sourceTree = "<group>";
		};
		37DE8BB4187F1FCB003E8B70 /* vidIOSTests */ = {
			isa = PBXGroup;
			children = (
				37DE8BBA187F1FCB003E8B70 /* vidIOSTests.m */,
				37DE8BB5187F1FCB003E8B70 /* Supporting Files */,
			);
			path = vidIOSTests;
			sourceTree = "<group>";
		};
		37DE8BB5187F1FCB003E8B70 /* Supporting Files */ = {
			isa = PBXGroup;
			children = (
				37DE8BB6187F1FCB003E8B70 /* vidIOSTests-Info.plist */,
				37DE8BB7187F1FCB003E8B70 /* InfoPlist.strings */,
			);
			name = "Supporting Files";
			sourceTree = "<group>";
		};
		4222E4E518B929BD008B9DB2 /* KZCameraView */ = {
			isa = PBXGroup;
			children = (
				4222E4D918B929A2008B9DB2 /* AVCamRecorder.h */,
				4222E4DA18B929A2008B9DB2 /* AVCamRecorder.m */,
				4222E4DB18B929A2008B9DB2 /* AVCamUtilities.h */,
				4222E4DC18B929A2008B9DB2 /* AVCamUtilities.m */,
				4222E4DD18B929A2008B9DB2 /* CaptureManager.h */,
				4222E4DE18B929A2008B9DB2 /* CaptureManager.m */,
				4222E4E218B929B0008B9DB2 /* KZCameraView.h */,
				4222E4E318B929B0008B9DB2 /* KZCameraView.m */,
			);
			name = KZCameraView;
			sourceTree = "<group>";
		};
/* End PBXGroup section */

/* Begin PBXNativeTarget section */
		37DE8B85187F1FCB003E8B70 /* vidIOS */ = {
			isa = PBXNativeTarget;
			buildConfigurationList = 37DE8BBE187F1FCB003E8B70 /* Build configuration list for PBXNativeTarget "vidIOS" */;
			buildPhases = (
				37DE8B82187F1FCB003E8B70 /* Sources */,
				37DE8B83187F1FCB003E8B70 /* Frameworks */,
				37DE8B84187F1FCB003E8B70 /* Resources */,
			);
			buildRules = (
			);
			dependencies = (
			);
			name = vidIOS;
			productName = vidIOS;
			productReference = 37DE8B86187F1FCB003E8B70 /* vidIOS.app */;
			productType = "com.apple.product-type.application";
		};
		37DE8BAC187F1FCB003E8B70 /* vidIOSTests */ = {
			isa = PBXNativeTarget;
			buildConfigurationList = 37DE8BC1187F1FCB003E8B70 /* Build configuration list for PBXNativeTarget "vidIOSTests" */;
			buildPhases = (
				37DE8BA9187F1FCB003E8B70 /* Sources */,
				37DE8BAA187F1FCB003E8B70 /* Frameworks */,
				37DE8BAB187F1FCB003E8B70 /* Resources */,
			);
			buildRules = (
			);
			dependencies = (
				37DE8BB3187F1FCB003E8B70 /* PBXTargetDependency */,
			);
			name = vidIOSTests;
			productName = vidIOSTests;
			productReference = 37DE8BAD187F1FCB003E8B70 /* vidIOSTests.xctest */;
			productType = "com.apple.product-type.bundle.unit-test";
		};
/* End PBXNativeTarget section */

/* Begin PBXProject section */
		37DE8B7E187F1FCB003E8B70 /* Project object */ = {
			isa = PBXProject;
			attributes = {
				CLASSPREFIX = DK;
				LastUpgradeCheck = 0500;
				ORGANIZATIONNAME = "Daniel Karsh";
				TargetAttributes = {
					37DE8B85187F1FCB003E8B70 = {
						DevelopmentTeam = JJ2KCCE9WP;
						SystemCapabilities = {
							com.apple.BackgroundModes = {
								enabled = 0;
							};
						};
					};
					37DE8BAC187F1FCB003E8B70 = {
						TestTargetID = 37DE8B85187F1FCB003E8B70;
					};
				};
			};
			buildConfigurationList = 37DE8B81187F1FCB003E8B70 /* Build configuration list for PBXProject "vidIOS" */;
			compatibilityVersion = "Xcode 3.2";
			developmentRegion = English;
			hasScannedForEncodings = 0;
			knownRegions = (
				en,
				Base,
			);
			mainGroup = 37DE8B7D187F1FCB003E8B70;
			productRefGroup = 37DE8B87187F1FCB003E8B70 /* Products */;
			projectDirPath = "";
			projectRoot = "";
			targets = (
				37DE8B85187F1FCB003E8B70 /* vidIOS */,
				37DE8BAC187F1FCB003E8B70 /* vidIOSTests */,
			);
		};
/* End PBXProject section */

/* Begin PBXResourcesBuildPhase section */
		37DE8B84187F1FCB003E8B70 /* Resources */ = {
			isa = PBXResourcesBuildPhase;
			buildActionMask = 2147483647;
			files = (
				377C18251882DD1A00DEEE72 /* usersFonts.ttf in Resources */,
				37DE8BA0187F1FCB003E8B70 /* Main_iPad.storyboard in Resources */,
				37DE8BA8187F1FCB003E8B70 /* Images.xcassets in Resources */,
				37DE8B9D187F1FCB003E8B70 /* Main_iPhone.storyboard in Resources */,
				426C88E6188C867E00D03CE9 /* FacebookSDKResources.bundle in Resources */,
				37DE8B94187F1FCB003E8B70 /* InfoPlist.strings in Resources */,
			);
			runOnlyForDeploymentPostprocessing = 0;
		};
		37DE8BAB187F1FCB003E8B70 /* Resources */ = {
			isa = PBXResourcesBuildPhase;
			buildActionMask = 2147483647;
			files = (
				37DE8BB9187F1FCB003E8B70 /* InfoPlist.strings in Resources */,
			);
			runOnlyForDeploymentPostprocessing = 0;
		};
/* End PBXResourcesBuildPhase section */

/* Begin PBXSourcesBuildPhase section */
		37DE8B82187F1FCB003E8B70 /* Sources */ = {
			isa = PBXSourcesBuildPhase;
			buildActionMask = 2147483647;
			files = (
				375128BA18833606001934A4 /* DKFBFriend.m in Sources */,
				375128B1188333CF001934A4 /* UIButton+AFNetworking.m in Sources */,
				377C18141881D3A000DEEE72 /* UIImage+RoundedCornerAdditions.m in Sources */,
				377C1828188312FB00DEEE72 /* DKNameViewController.m in Sources */,
				377C17F9188091AA00DEEE72 /* DKWelcomeViewController.m in Sources */,
				4222E4EB18B936FD008B9DB2 /* DKMyCollectionController.m in Sources */,
				375128B3188333CF001934A4 /* UIProgressView+AFNetworking.m in Sources */,
				377C18021881A0FE00DEEE72 /* DKConstants.m in Sources */,
				3751289A1883317E001934A4 /* AFURLConnectionOperation.m in Sources */,
				377C18231881F52D00DEEE72 /* UIViewController+MMDrawerController.m in Sources */,
				37DE8BCC187F5863003E8B70 /* DKNavigationController.m in Sources */,
				4222E4E118B929A2008B9DB2 /* CaptureManager.m in Sources */,
				377C18131881D3A000DEEE72 /* UIImage+ResizeAdditions.m in Sources */,
				377C182E1883165E00DEEE72 /* DKtmpViewController.m in Sources */,
				37DE8B96187F1FCB003E8B70 /* main.m in Sources */,
				377C17D91880830700DEEE72 /* Reachability.m in Sources */,
				4222E4E418B929B0008B9DB2 /* KZCameraView.m in Sources */,
				375128AE188333CF001934A4 /* AFNetworkActivityIndicatorManager.m in Sources */,
				375128951883317E001934A4 /* AFHTTPRequestOperation.m in Sources */,
				375128BD18837191001934A4 /* PAPImageView.m in Sources */,
				377C17C71880828500DEEE72 /* DKLogInViewController.m in Sources */,
				375128981883317E001934A4 /* AFNetworkReachabilityManager.m in Sources */,
				375128B0188333CF001934A4 /* UIAlertView+AFNetworking.m in Sources */,
				377C18201881F52D00DEEE72 /* MMDrawerBarButtonItem.m in Sources */,
				375128B718833554001934A4 /* DKFriendViewCell.m in Sources */,
				3751289D1883317E001934A4 /* AFURLSessionManager.m in Sources */,
				377C18081881D30300DEEE72 /* PAPCache.m in Sources */,
				375128961883317E001934A4 /* AFHTTPRequestOperationManager.m in Sources */,
				375128971883317E001934A4 /* AFHTTPSessionManager.m in Sources */,
				4222E4E818B92A03008B9DB2 /* DKRecorderViewController.m in Sources */,
				4222E4DF18B929A2008B9DB2 /* AVCamRecorder.m in Sources */,
				3750874418838D16009478D1 /* DKProgressViewController.m in Sources */,
				375128B4188333CF001934A4 /* UIWebView+AFNetworking.m in Sources */,
				377C18121881D3A000DEEE72 /* UIImage+AlphaAdditions.m in Sources */,
				3751289C1883317E001934A4 /* AFURLResponseSerialization.m in Sources */,
				3751289B1883317E001934A4 /* AFURLRequestSerialization.m in Sources */,
				4222E4E018B929A2008B9DB2 /* AVCamUtilities.m in Sources */,
				377C18071881D30300DEEE72 /* PAPUtility.m in Sources */,
				375128B2188333CF001934A4 /* UIImageView+AFNetworking.m in Sources */,
				37DE8B9A187F1FCB003E8B70 /* DKAppDelegate.m in Sources */,
				377C17D71880830700DEEE72 /* MBProgressHUD.m in Sources */,
				377C18221881F52D00DEEE72 /* MMDrawerVisualState.m in Sources */,
				375128991883317E001934A4 /* AFSecurityPolicy.m in Sources */,
				377C182B1883132900DEEE72 /* DKFriendsViewController.m in Sources */,
				377C18211881F52D00DEEE72 /* MMDrawerController.m in Sources */,
				375128AF188333CF001934A4 /* UIActivityIndicatorView+AFNetworking.m in Sources */,
				377C18111881D3A000DEEE72 /* UIImage+Alpha.m in Sources */,
			);
			runOnlyForDeploymentPostprocessing = 0;
		};
		37DE8BA9187F1FCB003E8B70 /* Sources */ = {
			isa = PBXSourcesBuildPhase;
			buildActionMask = 2147483647;
			files = (
				37DE8BBB187F1FCB003E8B70 /* vidIOSTests.m in Sources */,
			);
			runOnlyForDeploymentPostprocessing = 0;
		};
/* End PBXSourcesBuildPhase section */

/* Begin PBXTargetDependency section */
		37DE8BB3187F1FCB003E8B70 /* PBXTargetDependency */ = {
			isa = PBXTargetDependency;
			target = 37DE8B85187F1FCB003E8B70 /* vidIOS */;
			targetProxy = 37DE8BB2187F1FCB003E8B70 /* PBXContainerItemProxy */;
		};
/* End PBXTargetDependency section */

/* Begin PBXVariantGroup section */
		37DE8B92187F1FCB003E8B70 /* InfoPlist.strings */ = {
			isa = PBXVariantGroup;
			children = (
				37DE8B93187F1FCB003E8B70 /* en */,
			);
			name = InfoPlist.strings;
			sourceTree = "<group>";
		};
		37DE8B9B187F1FCB003E8B70 /* Main_iPhone.storyboard */ = {
			isa = PBXVariantGroup;
			children = (
				37DE8B9C187F1FCB003E8B70 /* Base */,
			);
			name = Main_iPhone.storyboard;
			sourceTree = "<group>";
		};
		37DE8B9E187F1FCB003E8B70 /* Main_iPad.storyboard */ = {
			isa = PBXVariantGroup;
			children = (
				37DE8B9F187F1FCB003E8B70 /* Base */,
			);
			name = Main_iPad.storyboard;
			sourceTree = "<group>";
		};
		37DE8BB7187F1FCB003E8B70 /* InfoPlist.strings */ = {
			isa = PBXVariantGroup;
			children = (
				37DE8BB8187F1FCB003E8B70 /* en */,
			);
			name = InfoPlist.strings;
			sourceTree = "<group>";
		};
/* End PBXVariantGroup section */

/* Begin XCBuildConfiguration section */
		37DE8BBC187F1FCB003E8B70 /* Debug */ = {
			isa = XCBuildConfiguration;
			buildSettings = {
				ALWAYS_SEARCH_USER_PATHS = NO;
				ARCHS = "$(ARCHS_STANDARD_INCLUDING_64_BIT)";
				CLANG_CXX_LANGUAGE_STANDARD = "gnu++0x";
				CLANG_CXX_LIBRARY = "libc++";
				CLANG_ENABLE_MODULES = YES;
				CLANG_ENABLE_OBJC_ARC = YES;
				CLANG_WARN_BOOL_CONVERSION = YES;
				CLANG_WARN_CONSTANT_CONVERSION = YES;
				CLANG_WARN_DIRECT_OBJC_ISA_USAGE = YES_ERROR;
				CLANG_WARN_EMPTY_BODY = YES;
				CLANG_WARN_ENUM_CONVERSION = YES;
				CLANG_WARN_INT_CONVERSION = YES;
				CLANG_WARN_OBJC_ROOT_CLASS = YES_ERROR;
				CLANG_WARN__DUPLICATE_METHOD_MATCH = YES;
				"CODE_SIGN_IDENTITY[sdk=iphoneos*]" = "iPhone Developer";
				COPY_PHASE_STRIP = NO;
				GCC_C_LANGUAGE_STANDARD = gnu99;
				GCC_DYNAMIC_NO_PIC = NO;
				GCC_OPTIMIZATION_LEVEL = 0;
				GCC_PREPROCESSOR_DEFINITIONS = (
					"DEBUG=1",
					"$(inherited)",
				);
				GCC_SYMBOLS_PRIVATE_EXTERN = NO;
				GCC_WARN_64_TO_32_BIT_CONVERSION = YES;
				GCC_WARN_ABOUT_RETURN_TYPE = YES_ERROR;
				GCC_WARN_UNDECLARED_SELECTOR = YES;
				GCC_WARN_UNINITIALIZED_AUTOS = YES;
				GCC_WARN_UNUSED_FUNCTION = YES;
				GCC_WARN_UNUSED_VARIABLE = YES;
				IPHONEOS_DEPLOYMENT_TARGET = 7.0;
				ONLY_ACTIVE_ARCH = YES;
				SDKROOT = iphoneos;
				TARGETED_DEVICE_FAMILY = "1,2";
			};
			name = Debug;
		};
		37DE8BBD187F1FCB003E8B70 /* Release */ = {
			isa = XCBuildConfiguration;
			buildSettings = {
				ALWAYS_SEARCH_USER_PATHS = NO;
				ARCHS = "$(ARCHS_STANDARD_INCLUDING_64_BIT)";
				CLANG_CXX_LANGUAGE_STANDARD = "gnu++0x";
				CLANG_CXX_LIBRARY = "libc++";
				CLANG_ENABLE_MODULES = YES;
				CLANG_ENABLE_OBJC_ARC = YES;
				CLANG_WARN_BOOL_CONVERSION = YES;
				CLANG_WARN_CONSTANT_CONVERSION = YES;
				CLANG_WARN_DIRECT_OBJC_ISA_USAGE = YES_ERROR;
				CLANG_WARN_EMPTY_BODY = YES;
				CLANG_WARN_ENUM_CONVERSION = YES;
				CLANG_WARN_INT_CONVERSION = YES;
				CLANG_WARN_OBJC_ROOT_CLASS = YES_ERROR;
				CLANG_WARN__DUPLICATE_METHOD_MATCH = YES;
				"CODE_SIGN_IDENTITY[sdk=iphoneos*]" = "iPhone Developer";
				COPY_PHASE_STRIP = YES;
				ENABLE_NS_ASSERTIONS = NO;
				GCC_C_LANGUAGE_STANDARD = gnu99;
				GCC_WARN_64_TO_32_BIT_CONVERSION = YES;
				GCC_WARN_ABOUT_RETURN_TYPE = YES_ERROR;
				GCC_WARN_UNDECLARED_SELECTOR = YES;
				GCC_WARN_UNINITIALIZED_AUTOS = YES;
				GCC_WARN_UNUSED_FUNCTION = YES;
				GCC_WARN_UNUSED_VARIABLE = YES;
				IPHONEOS_DEPLOYMENT_TARGET = 7.0;
				SDKROOT = iphoneos;
				TARGETED_DEVICE_FAMILY = "1,2";
				VALIDATE_PRODUCT = YES;
			};
			name = Release;
		};
		37DE8BBF187F1FCB003E8B70 /* Debug */ = {
			isa = XCBuildConfiguration;
			buildSettings = {
				ASSETCATALOG_COMPILER_APPICON_NAME = AppIcon;
				ASSETCATALOG_COMPILER_LAUNCHIMAGE_NAME = LaunchImage;
				CODE_SIGN_IDENTITY = "iPhone Developer";
				FRAMEWORK_SEARCH_PATHS = (
					"$(inherited)",
					/Users/karsh/vidIOS7/vidIOS/External,
					/Users/DK/Dev/vidios7/vidIOS/External,
				);
				GCC_PRECOMPILE_PREFIX_HEADER = YES;
				GCC_PREFIX_HEADER = "vidIOS/vidIOS-Prefix.pch";
				INFOPLIST_FILE = "vidIOS/vidIOS-Info.plist";
				PRODUCT_NAME = "$(TARGET_NAME)";
				PROVISIONING_PROFILE = "8632500B-B3F7-4871-9CBF-BBABB61EF28D";
				WRAPPER_EXTENSION = app;
			};
			name = Debug;
		};
		37DE8BC0187F1FCB003E8B70 /* Release */ = {
			isa = XCBuildConfiguration;
			buildSettings = {
				ASSETCATALOG_COMPILER_APPICON_NAME = AppIcon;
				ASSETCATALOG_COMPILER_LAUNCHIMAGE_NAME = LaunchImage;
				CODE_SIGN_IDENTITY = "iPhone Developer";
				FRAMEWORK_SEARCH_PATHS = (
					"$(inherited)",
					/Users/karsh/vidIOS7/vidIOS/External,
					/Users/DK/Dev/vidios7/vidIOS/External,
				);
				GCC_PRECOMPILE_PREFIX_HEADER = YES;
				GCC_PREFIX_HEADER = "vidIOS/vidIOS-Prefix.pch";
				INFOPLIST_FILE = "vidIOS/vidIOS-Info.plist";
				PRODUCT_NAME = "$(TARGET_NAME)";
				PROVISIONING_PROFILE = "8632500B-B3F7-4871-9CBF-BBABB61EF28D";
				WRAPPER_EXTENSION = app;
			};
			name = Release;
		};
		37DE8BC2187F1FCB003E8B70 /* Debug */ = {
			isa = XCBuildConfiguration;
			buildSettings = {
				ARCHS = "$(ARCHS_STANDARD_INCLUDING_64_BIT)";
				BUNDLE_LOADER = "$(BUILT_PRODUCTS_DIR)/vidIOS.app/vidIOS";
				FRAMEWORK_SEARCH_PATHS = (
					"$(SDKROOT)/Developer/Library/Frameworks",
					"$(inherited)",
					"$(DEVELOPER_FRAMEWORKS_DIR)",
				);
				GCC_PRECOMPILE_PREFIX_HEADER = YES;
				GCC_PREFIX_HEADER = "vidIOS/vidIOS-Prefix.pch";
				GCC_PREPROCESSOR_DEFINITIONS = (
					"DEBUG=1",
					"$(inherited)",
				);
				INFOPLIST_FILE = "vidIOSTests/vidIOSTests-Info.plist";
				PRODUCT_NAME = "$(TARGET_NAME)";
				TEST_HOST = "$(BUNDLE_LOADER)";
				WRAPPER_EXTENSION = xctest;
			};
			name = Debug;
		};
		37DE8BC3187F1FCB003E8B70 /* Release */ = {
			isa = XCBuildConfiguration;
			buildSettings = {
				ARCHS = "$(ARCHS_STANDARD_INCLUDING_64_BIT)";
				BUNDLE_LOADER = "$(BUILT_PRODUCTS_DIR)/vidIOS.app/vidIOS";
				FRAMEWORK_SEARCH_PATHS = (
					"$(SDKROOT)/Developer/Library/Frameworks",
					"$(inherited)",
					"$(DEVELOPER_FRAMEWORKS_DIR)",
				);
				GCC_PRECOMPILE_PREFIX_HEADER = YES;
				GCC_PREFIX_HEADER = "vidIOS/vidIOS-Prefix.pch";
				INFOPLIST_FILE = "vidIOSTests/vidIOSTests-Info.plist";
				PRODUCT_NAME = "$(TARGET_NAME)";
				TEST_HOST = "$(BUNDLE_LOADER)";
				WRAPPER_EXTENSION = xctest;
			};
			name = Release;
		};
/* End XCBuildConfiguration section */

/* Begin XCConfigurationList section */
		37DE8B81187F1FCB003E8B70 /* Build configuration list for PBXProject "vidIOS" */ = {
			isa = XCConfigurationList;
			buildConfigurations = (
				37DE8BBC187F1FCB003E8B70 /* Debug */,
				37DE8BBD187F1FCB003E8B70 /* Release */,
			);
			defaultConfigurationIsVisible = 0;
			defaultConfigurationName = Release;
		};
		37DE8BBE187F1FCB003E8B70 /* Build configuration list for PBXNativeTarget "vidIOS" */ = {
			isa = XCConfigurationList;
			buildConfigurations = (
				37DE8BBF187F1FCB003E8B70 /* Debug */,
				37DE8BC0187F1FCB003E8B70 /* Release */,
			);
			defaultConfigurationIsVisible = 0;
			defaultConfigurationName = Release;
		};
		37DE8BC1187F1FCB003E8B70 /* Build configuration list for PBXNativeTarget "vidIOSTests" */ = {
			isa = XCConfigurationList;
			buildConfigurations = (
				37DE8BC2187F1FCB003E8B70 /* Debug */,
				37DE8BC3187F1FCB003E8B70 /* Release */,
			);
			defaultConfigurationIsVisible = 0;
			defaultConfigurationName = Release;
		};
/* End XCConfigurationList section */
	};
	rootObject = 37DE8B7E187F1FCB003E8B70 /* Project object */;
}
